<?xml version="1.0" encoding="utf-8"?>
<Project ToolsVersion="4.0" xmlns="http://schemas.microsoft.com/developer/msbuild/2003">
  <ItemGroup>
    <Filter Include="Source Files">
      <UniqueIdentifier>{4FC737F1-C7A5-4376-A066-2A32D752A2FF}</UniqueIdentifier>
      <Extensions>cpp;c;cc;cxx;def;odl;idl;hpj;bat;asm;asmx</Extensions>
    </Filter>
    <Filter Include="Header Files">
      <UniqueIdentifier>{93995380-89BD-4b04-88EB-625FBE52EBFB}</UniqueIdentifier>
      <Extensions>h;hpp;hxx;hm;inl;inc;xsd</Extensions>
    </Filter>
    <Filter Include="Resource Files">
      <UniqueIdentifier>{67DA6AB6-F800-4c08-8B7A-83BB121AAD01}</UniqueIdentifier>
      <Extensions>rc;ico;cur;bmp;dlg;rc2;rct;bin;rgs;gif;jpg;jpeg;jpe;resx;tiff;tif;png;wav;mfcribbon-ms</Extensions>
    </Filter>
    <Filter Include="Header Files\PlatformerMap">
      <UniqueIdentifier>{89d81684-1c2f-4361-a1af-df79d7dd6edb}</UniqueIdentifier>
    </Filter>
    <Filter Include="Source Files\PlatformerMap">
      <UniqueIdentifier>{00c0d0a4-e5c1-4d15-aa89-0590a08542c2}</UniqueIdentifier>
    </Filter>
    <Filter Include="Header Files\Character">
      <UniqueIdentifier>{dbba913d-a3d7-4a9a-a7a3-c6ecb588b14b}</UniqueIdentifier>
    </Filter>
    <Filter Include="Source Files\Character">
      <UniqueIdentifier>{667ec19b-9027-4b47-a451-dce39b7fff66}</UniqueIdentifier>
    </Filter>
    <Filter Include="Header Files\Particles">
      <UniqueIdentifier>{28f1a2a5-9558-4135-bab5-473aabdc0881}</UniqueIdentifier>
    </Filter>
    <Filter Include="Source Files\Particles">
      <UniqueIdentifier>{0f74aea3-3157-4171-9a40-72e9b790726c}</UniqueIdentifier>
    </Filter>
    <Filter Include="Source Files\WorldMap">
      <UniqueIdentifier>{a4e73b56-14ef-4fe0-b891-0914853d38c7}</UniqueIdentifier>
    </Filter>
    <Filter Include="Header Files\WorldMap">
      <UniqueIdentifier>{5f0a6397-86b6-4b68-9b6d-b009a23f0e63}</UniqueIdentifier>
    </Filter>
    <Filter Include="Header Files\Base Entities">
      <UniqueIdentifier>{766e73f9-b6a7-440f-b44d-220ab413426e}</UniqueIdentifier>
    </Filter>
    <Filter Include="Source Files\Base Entities">
      <UniqueIdentifier>{65802e19-991a-406c-b9be-744a56fd4539}</UniqueIdentifier>
    </Filter>
    <Filter Include="Header Files\Enemy">
      <UniqueIdentifier>{85f98bc1-337e-4743-95c5-3d276111cf0e}</UniqueIdentifier>
    </Filter>
    <Filter Include="Source Files\Enemy">
      <UniqueIdentifier>{ee1b17c8-28c0-4092-903b-7c50e9ea1deb}</UniqueIdentifier>
    </Filter>
    <Filter Include="Header Files\BaseAI">
      <UniqueIdentifier>{bbee0c1a-8421-44d9-939d-223d0bf42980}</UniqueIdentifier>
    </Filter>
    <Filter Include="Source Files\BaseAI">
      <UniqueIdentifier>{1c8c663b-b785-4d2f-8a5f-59a3d0e66be4}</UniqueIdentifier>
    </Filter>
  </ItemGroup>
  <ItemGroup>
    <ClCompile Include="main.cpp">
      <Filter>Source Files</Filter>
    </ClCompile>
    <ClCompile Include="Game.cpp">
      <Filter>Source Files</Filter>
    </ClCompile>
    <ClCompile Include="Character.cpp">
      <Filter>Source Files\Character</Filter>
    </ClCompile>
    <ClCompile Include="ParticleManager.cpp">
      <Filter>Source Files\Particles</Filter>
    </ClCompile>
    <ClCompile Include="Particle.cpp">
      <Filter>Source Files\Particles</Filter>
    </ClCompile>
    <ClCompile Include="Commands.cpp">
      <Filter>Source Files</Filter>
    </ClCompile>
    <ClCompile Include="GameCamera.cpp">
      <Filter>Source Files</Filter>
    </ClCompile>
    <ClCompile Include="BloodParticle.cpp">
      <Filter>Source Files\Particles</Filter>
    </ClCompile>
    <ClCompile Include="FireParticle.cpp">
      <Filter>Source Files\Particles</Filter>
    </ClCompile>
    <ClCompile Include="Ledge.cpp">
      <Filter>Source Files\PlatformerMap</Filter>
    </ClCompile>
    <ClCompile Include="Map.cpp">
      <Filter>Source Files\PlatformerMap</Filter>
    </ClCompile>
    <ClCompile Include="Entity.cpp">
      <Filter>Source Files\Base Entities</Filter>
    </ClCompile>
    <ClCompile Include="Animations.cpp">
      <Filter>Source Files\Base Entities</Filter>
    </ClCompile>
    <ClCompile Include="BodyParts.cpp">
      <Filter>Source Files\Base Entities</Filter>
    </ClCompile>
    <ClCompile Include="CharDef.cpp">
      <Filter>Source Files\Base Entities</Filter>
    </ClCompile>
    <ClCompile Include="Frame.cpp">
      <Filter>Source Files\Base Entities</Filter>
    </ClCompile>
    <ClCompile Include="KeyFrame.cpp">
      <Filter>Source Files\Base Entities</Filter>
    </ClCompile>
    <ClCompile Include="Part.cpp">
      <Filter>Source Files\Base Entities</Filter>
    </ClCompile>
    <ClCompile Include="ScriptLine.cpp">
      <Filter>Source Files\Base Entities</Filter>
    </ClCompile>
    <ClCompile Include="Enemy.cpp">
      <Filter>Source Files\Enemy</Filter>
    </ClCompile>
  </ItemGroup>
  <ItemGroup>
    <ClInclude Include="Game.h">
      <Filter>Header Files</Filter>
    </ClInclude>
    <ClInclude Include="Character.h">
      <Filter>Header Files\Character</Filter>
    </ClInclude>
    <ClInclude Include="ParticleManager.h">
      <Filter>Header Files\Particles</Filter>
    </ClInclude>
    <ClInclude Include="Particle.h">
      <Filter>Header Files\Particles</Filter>
    </ClInclude>
    <ClInclude Include="Commands.h">
      <Filter>Header Files</Filter>
    </ClInclude>
    <ClInclude Include="GameCamera.h">
      <Filter>Header Files</Filter>
    </ClInclude>
    <ClInclude Include="BloodParticle.h">
      <Filter>Header Files\Particles</Filter>
    </ClInclude>
    <ClInclude Include="FireParticle.h">
      <Filter>Header Files\Particles</Filter>
    </ClInclude>
    <ClInclude Include="Ledge.h">
      <Filter>Header Files\PlatformerMap</Filter>
    </ClInclude>
    <ClInclude Include="MapSegment.h">
      <Filter>Header Files\PlatformerMap</Filter>
    </ClInclude>
    <ClInclude Include="Map.h">
      <Filter>Header Files\PlatformerMap</Filter>
    </ClInclude>
    <ClInclude Include="Entity.h">
      <Filter>Header Files\Base Entities</Filter>
    </ClInclude>
    <ClInclude Include="Animations.h">
      <Filter>Header Files\Base Entities</Filter>
    </ClInclude>
    <ClInclude Include="BodyParts.h">
      <Filter>Header Files\Base Entities</Filter>
    </ClInclude>
    <ClInclude Include="CharDef.h">
      <Filter>Header Files\Base Entities</Filter>
    </ClInclude>
    <ClInclude Include="Frame.h">
      <Filter>Header Files\Base Entities</Filter>
    </ClInclude>
    <ClInclude Include="KeyFrame.h">
      <Filter>Header Files\Base Entities</Filter>
    </ClInclude>
    <ClInclude Include="Part.h">
      <Filter>Header Files\Base Entities</Filter>
    </ClInclude>
    <ClInclude Include="ScriptEnums.h">
      <Filter>Header Files\Base Entities</Filter>
    </ClInclude>
    <ClInclude Include="ScriptLine.h">
      <Filter>Header Files\Base Entities</Filter>
    </ClInclude>
    <ClInclude Include="Enemy.h">
      <Filter>Header Files\Enemy</Filter>
    </ClInclude>
    <ClInclude Include="BaseAIEntity.h">
      <Filter>Header Files\BaseAI</Filter>
    </ClInclude>
    <ClInclude Include="State.h">
      <Filter>Header Files\BaseAI</Filter>
    </ClInclude>
    <ClInclude Include="StateMachine.h">
      <Filter>Header Files\BaseAI</Filter>
    </ClInclude>
  </ItemGroup>
  <ItemGroup>
    <None Include="..\..\..\VS\Revolved\Revolved\mapFormat.txt">
      <Filter>Resource Files</Filter>
    </None>
    <None Include="C:\Users\Josh\Dropbox\Evolution The Game\Content\data\map.txt">
      <Filter>Resource Files</Filter>
    </None>
    <None Include="C:\Users\Josh\Dropbox\Evolution The Game\Content\data\skeleton.txt">
      <Filter>Resource Files</Filter>
    </None>
    <None Include="skeleton1.txt">
      <Filter>Resource Files</Filter>
    </None>
  </ItemGroup>
</Project>